
Microsoft Visual Studio Solution File, Format Version 12.00
# Visual Studio Version 17
VisualStudioVersion = 17.9.34728.123
MinimumVisualStudioVersion = 10.0.40219.1
Project("{FAE04EC0-301F-11D3-BF4B-00C04F79EFBC}") = "eCommerceApp.Domain", "eCommerceApp.Domain\eCommerceApp.Domain.csproj", "{D1486136-204F-4A67-A934-DB34DC98C161}"
EndProject
Project("{FAE04EC0-301F-11D3-BF4B-00C04F79EFBC}") = "eCommerceApp.Application", "eCommerceApp.Application\eCommerceApp.Application.csproj", "{6EEE2045-7A5F-413B-86AF-A39EBDCF97F0}"
EndProject
Project("{FAE04EC0-301F-11D3-BF4B-00C04F79EFBC}") = "eCommerceApp.Infrastructure", "eCommerceApp.Infrastructure\eCommerceApp.Infrastructure.csproj", "{40DDFC06-78DA-49F4-8195-9107544ACDC9}"
EndProject
Project("{FAE04EC0-301F-11D3-BF4B-00C04F79EFBC}") = "eCommerceApp.Host", "eCommerceApp.Host\eCommerceApp.Host.csproj", "{9854311E-8FE3-4A18-9ECB-3B6B0459131A}"
EndProject
Global
	GlobalSection(SolutionConfigurationPlatforms) = preSolution
		Debug|Any CPU = Debug|Any CPU
		Release|Any CPU = Release|Any CPU
	EndGlobalSection
	GlobalSection(ProjectConfigurationPlatforms) = postSolution
		{D1486136-204F-4A67-A934-DB34DC98C161}.Debug|Any CPU.ActiveCfg = Debug|Any CPU
		{D1486136-204F-4A67-A934-DB34DC98C161}.Debug|Any CPU.Build.0 = Debug|Any CPU
		{D1486136-204F-4A67-A934-DB34DC98C161}.Release|Any CPU.ActiveCfg = Release|Any CPU
		{D1486136-204F-4A67-A934-DB34DC98C161}.Release|Any CPU.Build.0 = Release|Any CPU
		{6EEE2045-7A5F-413B-86AF-A39EBDCF97F0}.Debug|Any CPU.ActiveCfg = Debug|Any CPU
		{6EEE2045-7A5F-413B-86AF-A39EBDCF97F0}.Debug|Any CPU.Build.0 = Debug|Any CPU
		{6EEE2045-7A5F-413B-86AF-A39EBDCF97F0}.Release|Any CPU.ActiveCfg = Release|Any CPU
		{6EEE2045-7A5F-413B-86AF-A39EBDCF97F0}.Release|Any CPU.Build.0 = Release|Any CPU
		{40DDFC06-78DA-49F4-8195-9107544ACDC9}.Debug|Any CPU.ActiveCfg = Debug|Any CPU
		{40DDFC06-78DA-49F4-8195-9107544ACDC9}.Debug|Any CPU.Build.0 = Debug|Any CPU
		{40DDFC06-78DA-49F4-8195-9107544ACDC9}.Release|Any CPU.ActiveCfg = Release|Any CPU
		{40DDFC06-78DA-49F4-8195-9107544ACDC9}.Release|Any CPU.Build.0 = Release|Any CPU
		{9854311E-8FE3-4A18-9ECB-3B6B0459131A}.Debug|Any CPU.ActiveCfg = Debug|Any CPU
		{9854311E-8FE3-4A18-9ECB-3B6B0459131A}.Debug|Any CPU.Build.0 = Debug|Any CPU
		{9854311E-8FE3-4A18-9ECB-3B6B0459131A}.Release|Any CPU.ActiveCfg = Release|Any CPU
		{9854311E-8FE3-4A18-9ECB-3B6B0459131A}.Release|Any CPU.Build.0 = Release|Any CPU
	EndGlobalSection
	GlobalSection(SolutionProperties) = preSolution
		HideSolutionNode = FALSE
	EndGlobalSection
	GlobalSection(ExtensibilityGlobals) = postSolution
		SolutionGuid = {6952D1EF-A984-4B5B-9621-A18533EED146}
	EndGlobalSection
EndGlobal
